
Microsoft Visual Studio Solution File, Format Version 12.00
# Visual Studio Version 17
VisualStudioVersion = 17.8.34330.188
MinimumVisualStudioVersion = 10.0.40219.1
Project("{9A19103F-16F7-4668-BE54-9A1E7A4F7556}") = "Book Catalog", "Book Catalog.csproj", "{23AF4F72-4A93-4F34-8CD1-E15F833E32C1}"
EndProject
Project("{9A19103F-16F7-4668-BE54-9A1E7A4F7556}") = "BookCatalog.Application", "..\BookCatalog.Application\BookCatalog.Application.csproj", "{0673B039-399D-4D9D-A087-6B01AFBB6ACF}"
EndProject
Project("{9A19103F-16F7-4668-BE54-9A1E7A4F7556}") = "BookCatalog.Domain", "..\BookCatalog.Core\BookCatalog.Domain.csproj", "{BB6CEF31-BC2C-40B7-85AF-1D7E00C4DC6B}"
EndProject
Project("{9A19103F-16F7-4668-BE54-9A1E7A4F7556}") = "BookCatalog.Infrastructure", "..\BookCatalog.Infrastructure\BookCatalog.Infrastructure.csproj", "{5FB9F83B-120F-450D-8A20-09D2A60E34FD}"
EndProject
Project("{2150E333-8FDC-42A3-9474-1A3956D46DE8}") = "Tests", "Tests", "{189F17AE-4F40-44BD-8E5B-3BE83D39EC6E}"
EndProject
Project("{FAE04EC0-301F-11D3-BF4B-00C04F79EFBC}") = "BookCatalogTests", "..\..\Tests\BookCatalogTests\BookCatalogTests.csproj", "{99691AAF-18A5-4ABA-9C91-8F9622C94E07}"
EndProject
Project("{FAE04EC0-301F-11D3-BF4B-00C04F79EFBC}") = "BookCatalog.ApplicationTests", "..\..\Tests\BookCatalog.ApplicationTests\BookCatalog.ApplicationTests.csproj", "{6D7E211F-783C-4BAC-81D3-F4EDF5D84D60}"
EndProject
Project("{FAE04EC0-301F-11D3-BF4B-00C04F79EFBC}") = "BookCagalog.InfrastructureTests", "..\..\Tests\BookCagalog.InfrastructureTets\BookCagalog.InfrastructureTests.csproj", "{55CB3EBF-A837-450F-A710-77D9C58D79DD}"
EndProject
Global
	GlobalSection(SolutionConfigurationPlatforms) = preSolution
		Debug|Any CPU = Debug|Any CPU
		Release|Any CPU = Release|Any CPU
	EndGlobalSection
	GlobalSection(ProjectConfigurationPlatforms) = postSolution
		{23AF4F72-4A93-4F34-8CD1-E15F833E32C1}.Debug|Any CPU.ActiveCfg = Debug|Any CPU
		{23AF4F72-4A93-4F34-8CD1-E15F833E32C1}.Debug|Any CPU.Build.0 = Debug|Any CPU
		{23AF4F72-4A93-4F34-8CD1-E15F833E32C1}.Release|Any CPU.ActiveCfg = Release|Any CPU
		{23AF4F72-4A93-4F34-8CD1-E15F833E32C1}.Release|Any CPU.Build.0 = Release|Any CPU
		{0673B039-399D-4D9D-A087-6B01AFBB6ACF}.Debug|Any CPU.ActiveCfg = Debug|Any CPU
		{0673B039-399D-4D9D-A087-6B01AFBB6ACF}.Debug|Any CPU.Build.0 = Debug|Any CPU
		{0673B039-399D-4D9D-A087-6B01AFBB6ACF}.Release|Any CPU.ActiveCfg = Release|Any CPU
		{0673B039-399D-4D9D-A087-6B01AFBB6ACF}.Release|Any CPU.Build.0 = Release|Any CPU
		{BB6CEF31-BC2C-40B7-85AF-1D7E00C4DC6B}.Debug|Any CPU.ActiveCfg = Debug|Any CPU
		{BB6CEF31-BC2C-40B7-85AF-1D7E00C4DC6B}.Debug|Any CPU.Build.0 = Debug|Any CPU
		{BB6CEF31-BC2C-40B7-85AF-1D7E00C4DC6B}.Release|Any CPU.ActiveCfg = Release|Any CPU
		{BB6CEF31-BC2C-40B7-85AF-1D7E00C4DC6B}.Release|Any CPU.Build.0 = Release|Any CPU
		{5FB9F83B-120F-450D-8A20-09D2A60E34FD}.Debug|Any CPU.ActiveCfg = Debug|Any CPU
		{5FB9F83B-120F-450D-8A20-09D2A60E34FD}.Debug|Any CPU.Build.0 = Debug|Any CPU
		{5FB9F83B-120F-450D-8A20-09D2A60E34FD}.Release|Any CPU.ActiveCfg = Release|Any CPU
		{5FB9F83B-120F-450D-8A20-09D2A60E34FD}.Release|Any CPU.Build.0 = Release|Any CPU
		{99691AAF-18A5-4ABA-9C91-8F9622C94E07}.Debug|Any CPU.ActiveCfg = Debug|Any CPU
		{99691AAF-18A5-4ABA-9C91-8F9622C94E07}.Debug|Any CPU.Build.0 = Debug|Any CPU
		{99691AAF-18A5-4ABA-9C91-8F9622C94E07}.Release|Any CPU.ActiveCfg = Release|Any CPU
		{99691AAF-18A5-4ABA-9C91-8F9622C94E07}.Release|Any CPU.Build.0 = Release|Any CPU
		{6D7E211F-783C-4BAC-81D3-F4EDF5D84D60}.Debug|Any CPU.ActiveCfg = Debug|Any CPU
		{6D7E211F-783C-4BAC-81D3-F4EDF5D84D60}.Debug|Any CPU.Build.0 = Debug|Any CPU
		{6D7E211F-783C-4BAC-81D3-F4EDF5D84D60}.Release|Any CPU.ActiveCfg = Release|Any CPU
		{6D7E211F-783C-4BAC-81D3-F4EDF5D84D60}.Release|Any CPU.Build.0 = Release|Any CPU
		{55CB3EBF-A837-450F-A710-77D9C58D79DD}.Debug|Any CPU.ActiveCfg = Debug|Any CPU
		{55CB3EBF-A837-450F-A710-77D9C58D79DD}.Debug|Any CPU.Build.0 = Debug|Any CPU
		{55CB3EBF-A837-450F-A710-77D9C58D79DD}.Release|Any CPU.ActiveCfg = Release|Any CPU
		{55CB3EBF-A837-450F-A710-77D9C58D79DD}.Release|Any CPU.Build.0 = Release|Any CPU
	EndGlobalSection
	GlobalSection(SolutionProperties) = preSolution
		HideSolutionNode = FALSE
	EndGlobalSection
	GlobalSection(NestedProjects) = preSolution
		{99691AAF-18A5-4ABA-9C91-8F9622C94E07} = {189F17AE-4F40-44BD-8E5B-3BE83D39EC6E}
		{6D7E211F-783C-4BAC-81D3-F4EDF5D84D60} = {189F17AE-4F40-44BD-8E5B-3BE83D39EC6E}
		{55CB3EBF-A837-450F-A710-77D9C58D79DD} = {189F17AE-4F40-44BD-8E5B-3BE83D39EC6E}
	EndGlobalSection
	GlobalSection(ExtensibilityGlobals) = postSolution
		SolutionGuid = {548D844C-C361-4B3C-AD82-7ADB3ACC122F}
	EndGlobalSection
EndGlobal
